
Microsoft Visual Studio Solution File, Format Version 12.00
# Visual Studio 15
VisualStudioVersion = 15.0.28010.2041
MinimumVisualStudioVersion = 10.0.40219.1
Project("{FAE04EC0-301F-11D3-BF4B-00C04F79EFBC}") = "ManageStudent", "ManageStudent\ManageStudent.csproj", "{9E663D4B-82E3-42ED-923B-EEAD5DDE86BB}"
EndProject
Global
	GlobalSection(SolutionConfigurationPlatforms) = preSolution
		Debug|Any CPU = Debug|Any CPU
		Release|Any CPU = Release|Any CPU
	EndGlobalSection
	GlobalSection(ProjectConfigurationPlatforms) = postSolution
		{9E663D4B-82E3-42ED-923B-EEAD5DDE86BB}.Debug|Any CPU.ActiveCfg = Debug|Any CPU
		{9E663D4B-82E3-42ED-923B-EEAD5DDE86BB}.Debug|Any CPU.Build.0 = Debug|Any CPU
		{9E663D4B-82E3-42ED-923B-EEAD5DDE86BB}.Release|Any CPU.ActiveCfg = Release|Any CPU
		{9E663D4B-82E3-42ED-923B-EEAD5DDE86BB}.Release|Any CPU.Build.0 = Release|Any CPU
	EndGlobalSection
	GlobalSection(SolutionProperties) = preSolution
		HideSolutionNode = FALSE
	EndGlobalSection
	GlobalSection(ExtensibilityGlobals) = postSolution
		SolutionGuid = {41A3BB33-8AE7-41EB-8C3F-F9E9BA60DAE5}
	EndGlobalSection
EndGlobal
